
Microsoft Visual Studio Solution File, Format Version 12.00
# Visual Studio Version 17
VisualStudioVersion = 17.0.31903.59
MinimumVisualStudioVersion = 10.0.40219.1
Project("{9A19103F-16F7-4668-BE54-9A1E7A4F7556}") = "Antra.CRMApp.WebMVC", "Antra.CRMApp.WebMVC\Antra.CRMApp.WebMVC.csproj", "{C4FA4A07-6175-40B4-8C74-A37E8C6AEDA6}"
EndProject
Project("{9A19103F-16F7-4668-BE54-9A1E7A4F7556}") = "Antra.CRMApp.Infrastructure", "Antra.CRMApp.Infrastructure\Antra.CRMApp.Infrastructure.csproj", "{4E5C19F9-97D8-47E1-BF86-5588DE0FFABB}"
EndProject
Project("{9A19103F-16F7-4668-BE54-9A1E7A4F7556}") = "Antra.CRMApp.Core", "Antra.CRMApp.Core\Antra.CRMApp.Core.csproj", "{F157F163-03D0-4031-9E4C-72A876AB07BC}"
EndProject
Project("{9A19103F-16F7-4668-BE54-9A1E7A4F7556}") = "CRMApp.UnitTests", "CRMApp.UnitTests\CRMApp.UnitTests.csproj", "{C8F571DA-2A83-4914-B65F-6E6A6C8D691E}"
EndProject
Project("{FAE04EC0-301F-11D3-BF4B-00C04F79EFBC}") = "Antra.CrmWebAPI", "Antra.CrmWebAPI\Antra.CrmWebAPI.csproj", "{B75C6028-7EAC-4F20-A00E-A93BFB9897B4}"
EndProject
Global
	GlobalSection(SolutionConfigurationPlatforms) = preSolution
		Debug|Any CPU = Debug|Any CPU
		Release|Any CPU = Release|Any CPU
	EndGlobalSection
	GlobalSection(ProjectConfigurationPlatforms) = postSolution
		{C4FA4A07-6175-40B4-8C74-A37E8C6AEDA6}.Debug|Any CPU.ActiveCfg = Debug|Any CPU
		{C4FA4A07-6175-40B4-8C74-A37E8C6AEDA6}.Debug|Any CPU.Build.0 = Debug|Any CPU
		{C4FA4A07-6175-40B4-8C74-A37E8C6AEDA6}.Release|Any CPU.ActiveCfg = Release|Any CPU
		{C4FA4A07-6175-40B4-8C74-A37E8C6AEDA6}.Release|Any CPU.Build.0 = Release|Any CPU
		{4E5C19F9-97D8-47E1-BF86-5588DE0FFABB}.Debug|Any CPU.ActiveCfg = Debug|Any CPU
		{4E5C19F9-97D8-47E1-BF86-5588DE0FFABB}.Debug|Any CPU.Build.0 = Debug|Any CPU
		{4E5C19F9-97D8-47E1-BF86-5588DE0FFABB}.Release|Any CPU.ActiveCfg = Release|Any CPU
		{4E5C19F9-97D8-47E1-BF86-5588DE0FFABB}.Release|Any CPU.Build.0 = Release|Any CPU
		{F157F163-03D0-4031-9E4C-72A876AB07BC}.Debug|Any CPU.ActiveCfg = Debug|Any CPU
		{F157F163-03D0-4031-9E4C-72A876AB07BC}.Debug|Any CPU.Build.0 = Debug|Any CPU
		{F157F163-03D0-4031-9E4C-72A876AB07BC}.Release|Any CPU.ActiveCfg = Release|Any CPU
		{F157F163-03D0-4031-9E4C-72A876AB07BC}.Release|Any CPU.Build.0 = Release|Any CPU
		{C8F571DA-2A83-4914-B65F-6E6A6C8D691E}.Debug|Any CPU.ActiveCfg = Debug|Any CPU
		{C8F571DA-2A83-4914-B65F-6E6A6C8D691E}.Debug|Any CPU.Build.0 = Debug|Any CPU
		{C8F571DA-2A83-4914-B65F-6E6A6C8D691E}.Release|Any CPU.ActiveCfg = Release|Any CPU
		{C8F571DA-2A83-4914-B65F-6E6A6C8D691E}.Release|Any CPU.Build.0 = Release|Any CPU
		{B75C6028-7EAC-4F20-A00E-A93BFB9897B4}.Debug|Any CPU.ActiveCfg = Debug|Any CPU
		{B75C6028-7EAC-4F20-A00E-A93BFB9897B4}.Debug|Any CPU.Build.0 = Debug|Any CPU
		{B75C6028-7EAC-4F20-A00E-A93BFB9897B4}.Release|Any CPU.ActiveCfg = Release|Any CPU
		{B75C6028-7EAC-4F20-A00E-A93BFB9897B4}.Release|Any CPU.Build.0 = Release|Any CPU
	EndGlobalSection
	GlobalSection(SolutionProperties) = preSolution
		HideSolutionNode = FALSE
	EndGlobalSection
	GlobalSection(ExtensibilityGlobals) = postSolution
		SolutionGuid = {E58A3080-A24F-4F17-A7C4-7B82201B7464}
	EndGlobalSection
EndGlobal
